PODS:
  - ReachabilitySwift (4.3.0)
  - SwiftHTTP (3.0.1)
  - SwiftyJSON (4.1.0)

DEPENDENCIES:
  - ReachabilitySwift (~> 4.3.0)
  - SwiftHTTP (~> 3.0.1)
  - SwiftyJSON (~> 4.1.0)

SPEC REPOS:
  https://github.com/cocoapods/specs.git:
    - ReachabilitySwift
    - SwiftHTTP
    - SwiftyJSON

SPEC CHECKSUMS:
  ReachabilitySwift: 408477d1b6ed9779dba301953171e017c31241f3
  SwiftHTTP: e94f1aa8cde58637dcc0100f6349de31a3337fde
  SwiftyJSON: c29297daf073d2aa016295d5809cdd68045c39b3

PODFILE CHECKSUM: 8c7e0c42f58f2a850f41b0eb637b19f0e84d62ea

COCOAPODS: 1.5.3
