// !$*UTF8*$!
{
	archiveVersion = 1;
	classes = {
	};
	objectVersion = 48;
	objects = {

/* Begin PBXBuildFile section */
		01520E457E678B18E060F1EE /* Pods_ParselyTracker.framework in Frameworks */ = {isa = PBXBuildFile; fileRef = EE743C16C8DDCAA9BDD45994 /* Pods_ParselyTracker.framework */; };
		2A1F02DDE91E502E3B49AFAB /* StorageTests.swift in Sources */ = {isa = PBXBuildFile; fileRef = 2A1F03819E4FAF1F979D5926 /* StorageTests.swift */; };
		2A1F02E3BE1F9F969BD9C6E1 /* Storage.swift in Sources */ = {isa = PBXBuildFile; fileRef = 2A1F0F92460A849C17B26338 /* Storage.swift */; };
		2A1F05EB11D3A1B7EC5FB2C1 /* Storage.swift in Sources */ = {isa = PBXBuildFile; fileRef = 2A1F0F92460A849C17B26338 /* Storage.swift */; };
		2A1F0DF37B68B0886A0E6848 /* Storage.swift in Sources */ = {isa = PBXBuildFile; fileRef = 2A1F0F92460A849C17B26338 /* Storage.swift */; };
		57E211E09EB0BEF46691064D /* Pods_ParselyDemo.framework in Frameworks */ = {isa = PBXBuildFile; fileRef = AC235FA4A9626257C28A45C4 /* Pods_ParselyDemo.framework */; };
		AA73AAAF2242C1F10089BF1D /* ParselyTestCase.swift in Sources */ = {isa = PBXBuildFile; fileRef = AA73AAAE2242C1F10089BF1D /* ParselyTestCase.swift */; };
		AAEDC3272212161F00769350 /* HttpClient.swift in Sources */ = {isa = PBXBuildFile; fileRef = AAEDC3262212161F00769350 /* HttpClient.swift */; };
		AAEDC32922123DD300769350 /* README.md in Resources */ = {isa = PBXBuildFile; fileRef = AAEDC32822123DD300769350 /* README.md */; };
		AAF629792216382800F59789 /* ParselyTracker.framework in Frameworks */ = {isa = PBXBuildFile; fileRef = AAEDC32A2212407700769350 /* ParselyTracker.framework */; };
		B205889D220CB67500476E27 /* RequestBuilder.swift in Sources */ = {isa = PBXBuildFile; fileRef = B205889C220CB67500476E27 /* RequestBuilder.swift */; };
		B205889F220CB72A00476E27 /* RequestBuilderTests.swift in Sources */ = {isa = PBXBuildFile; fileRef = B205889E220CB72A00476E27 /* RequestBuilderTests.swift */; };
		B2BC46FB2208D60A000B937A /* Track.swift in Sources */ = {isa = PBXBuildFile; fileRef = B2BC46FA2208D60A000B937A /* Track.swift */; };
		B2C84B66220A03610018BC7B /* SamplerTests.swift in Sources */ = {isa = PBXBuildFile; fileRef = B2C84B65220A03610018BC7B /* SamplerTests.swift */; };
		B2FC40BE221CC42300C70806 /* Metadata.swift in Sources */ = {isa = PBXBuildFile; fileRef = B2FC40BD221CC42300C70806 /* Metadata.swift */; };
		B2FC40C0221CC43200C70806 /* MetadataTests.swift in Sources */ = {isa = PBXBuildFile; fileRef = B2FC40BF221CC43200C70806 /* MetadataTests.swift */; };
		C26CD66D2E7BC7C6843FD36F /* Pods_ParselyDemoTests.framework in Frameworks */ = {isa = PBXBuildFile; fileRef = 526EF9377EAE8B4DC8CC0AA1 /* Pods_ParselyDemoTests.framework */; };
		DD6DF0DF715E6AF4166BA1CA /* Pods_AnalyticsSDKTests.framework in Frameworks */ = {isa = PBXBuildFile; fileRef = 5B0C6D4E730AEFB429AD06BB /* Pods_AnalyticsSDKTests.framework */; };
		DFD7BB483E787F03E5494A20 /* Pods_ParselyTrackerTests.framework in Frameworks */ = {isa = PBXBuildFile; fileRef = 3A80C09D1CED0319E596DBEE /* Pods_ParselyTrackerTests.framework */; };
		F40D9A5E20EFF74F0030525E /* AppDelegate.swift in Sources */ = {isa = PBXBuildFile; fileRef = F40D9A5D20EFF74F0030525E /* AppDelegate.swift */; };
		F40D9A6020EFF74F0030525E /* FirstViewController.swift in Sources */ = {isa = PBXBuildFile; fileRef = F40D9A5F20EFF74F0030525E /* FirstViewController.swift */; };
		F40D9A6220EFF74F0030525E /* SecondViewController.swift in Sources */ = {isa = PBXBuildFile; fileRef = F40D9A6120EFF74F0030525E /* SecondViewController.swift */; };
		F40D9A6520EFF74F0030525E /* Main.storyboard in Resources */ = {isa = PBXBuildFile; fileRef = F40D9A6320EFF74F0030525E /* Main.storyboard */; };
		F40D9A6720EFF74F0030525E /* Assets.xcassets in Resources */ = {isa = PBXBuildFile; fileRef = F40D9A6620EFF74F0030525E /* Assets.xcassets */; };
		F40D9A6A20EFF74F0030525E /* LaunchScreen.storyboard in Resources */ = {isa = PBXBuildFile; fileRef = F40D9A6820EFF74F0030525E /* LaunchScreen.storyboard */; };
		F410D63121061D7800DB3EBE /* PixelTests.swift in Sources */ = {isa = PBXBuildFile; fileRef = F410D63021061D7800DB3EBE /* PixelTests.swift */; };
		F433339720F0087E004BB6F5 /* ParselyTracker.framework in Frameworks */ = {isa = PBXBuildFile; fileRef = F433338E20F0087E004BB6F5 /* ParselyTracker.framework */; };
		F433339E20F0087E004BB6F5 /* ParselyTrackerTests.swift in Sources */ = {isa = PBXBuildFile; fileRef = F433339D20F0087E004BB6F5 /* ParselyTrackerTests.swift */; };
		F43333A420F0087E004BB6F5 /* ParselyTracker.framework in Embed Frameworks */ = {isa = PBXBuildFile; fileRef = F433338E20F0087E004BB6F5 /* ParselyTracker.framework */; settings = {ATTRIBUTES = (CodeSignOnCopy, RemoveHeadersOnCopy, ); }; };
		F43333AC20F008B7004BB6F5 /* ParselyTracker.swift in Sources */ = {isa = PBXBuildFile; fileRef = F40D9A8020EFFADD0030525E /* ParselyTracker.swift */; };
		F43333B620F008EF004BB6F5 /* Session.swift in Sources */ = {isa = PBXBuildFile; fileRef = F43333AD20F008EE004BB6F5 /* Session.swift */; };
		F43333B720F008EF004BB6F5 /* Video.swift in Sources */ = {isa = PBXBuildFile; fileRef = F43333AE20F008EE004BB6F5 /* Video.swift */; };
		F43333B920F008EF004BB6F5 /* Sampler.swift in Sources */ = {isa = PBXBuildFile; fileRef = F43333B020F008EE004BB6F5 /* Sampler.swift */; };
		F43333BA20F008EF004BB6F5 /* EventQueue.swift in Sources */ = {isa = PBXBuildFile; fileRef = F43333B120F008EE004BB6F5 /* EventQueue.swift */; };
		F43333BB20F008EF004BB6F5 /* EngagedTime.swift in Sources */ = {isa = PBXBuildFile; fileRef = F43333B220F008EF004BB6F5 /* EngagedTime.swift */; };
		F43333BC20F008EF004BB6F5 /* Pixel.swift in Sources */ = {isa = PBXBuildFile; fileRef = F43333B320F008EF004BB6F5 /* Pixel.swift */; };
		F43333BD20F008EF004BB6F5 /* Visitor.swift in Sources */ = {isa = PBXBuildFile; fileRef = F43333B420F008EF004BB6F5 /* Visitor.swift */; };
		F43333BE20F008EF004BB6F5 /* Event.swift in Sources */ = {isa = PBXBuildFile; fileRef = F43333B520F008EF004BB6F5 /* Event.swift */; };
		F441A55C20F3B8BF009B556E /* EventQueueTests.swift in Sources */ = {isa = PBXBuildFile; fileRef = F441A55B20F3B8BF009B556E /* EventQueueTests.swift */; };
		F441A55E20F53A56009B556E /* EventTests.swift in Sources */ = {isa = PBXBuildFile; fileRef = F441A55D20F53A56009B556E /* EventTests.swift */; };
		F494BFB620FFDD5900025A4C /* Podfile in Resources */ = {isa = PBXBuildFile; fileRef = F494BFB520FFDD5900025A4C /* Podfile */; };
		F4BF86682190DAFC00BD3867 /* EngagedTimeTests.swift in Sources */ = {isa = PBXBuildFile; fileRef = F4BF86672190DAFC00BD3867 /* EngagedTimeTests.swift */; };
		F4BF866A2190DB1C00BD3867 /* TrackTests.swift in Sources */ = {isa = PBXBuildFile; fileRef = F4BF86692190DB1C00BD3867 /* TrackTests.swift */; };
		F4BF866C2190DB3C00BD3867 /* SessionTests.swift in Sources */ = {isa = PBXBuildFile; fileRef = F4BF866B2190DB3C00BD3867 /* SessionTests.swift */; };
		F4BF866E2190DB4A00BD3867 /* VideoTests.swift in Sources */ = {isa = PBXBuildFile; fileRef = F4BF866D2190DB4A00BD3867 /* VideoTests.swift */; };
		F4BF86702190DB5A00BD3867 /* VisitorTests.swift in Sources */ = {isa = PBXBuildFile; fileRef = F4BF866F2190DB5A00BD3867 /* VisitorTests.swift */; };
/* End PBXBuildFile section */

/* Begin PBXContainerItemProxy section */
		F40D9A7120EFF7500030525E /* PBXContainerItemProxy */ = {
			isa = PBXContainerItemProxy;
			containerPortal = F40D9A5220EFF74F0030525E /* Project object */;
			proxyType = 1;
			remoteGlobalIDString = F40D9A5920EFF74F0030525E;
			remoteInfo = AnalyticsSDK;
		};
		F433339820F0087E004BB6F5 /* PBXContainerItemProxy */ = {
			isa = PBXContainerItemProxy;
			containerPortal = F40D9A5220EFF74F0030525E /* Project object */;
			proxyType = 1;
			remoteGlobalIDString = F433338D20F0087E004BB6F5;
			remoteInfo = ParselyTracker;
		};
		F433339A20F0087E004BB6F5 /* PBXContainerItemProxy */ = {
			isa = PBXContainerItemProxy;
			containerPortal = F40D9A5220EFF74F0030525E /* Project object */;
			proxyType = 1;
			remoteGlobalIDString = F40D9A5920EFF74F0030525E;
			remoteInfo = AnalyticsSDK;
		};
		F43333A120F0087E004BB6F5 /* PBXContainerItemProxy */ = {
			isa = PBXContainerItemProxy;
			containerPortal = F40D9A5220EFF74F0030525E /* Project object */;
			proxyType = 1;
			remoteGlobalIDString = F433338D20F0087E004BB6F5;
			remoteInfo = ParselyTracker;
		};
/* End PBXContainerItemProxy section */

/* Begin PBXCopyFilesBuildPhase section */
		F43333AA20F0087E004BB6F5 /* Embed Frameworks */ = {
			isa = PBXCopyFilesBuildPhase;
			buildActionMask = 2147483647;
			dstPath = "";
			dstSubfolderSpec = 10;
			files = (
				F43333A420F0087E004BB6F5 /* ParselyTracker.framework in Embed Frameworks */,
			);
			name = "Embed Frameworks";
			runOnlyForDeploymentPostprocessing = 0;
		};
/* End PBXCopyFilesBuildPhase section */

/* Begin PBXFileReference section */
		0512C3C37D1324FAF6BE71AD /* Pods-AnalyticsSDK.debug.xcconfig */ = {isa = PBXFileReference; includeInIndex = 1; lastKnownFileType = text.xcconfig; name = "Pods-AnalyticsSDK.debug.xcconfig"; path = "Pods/Target Support Files/Pods-AnalyticsSDK/Pods-AnalyticsSDK.debug.xcconfig"; sourceTree = "<group>"; };
		2A1F03819E4FAF1F979D5926 /* StorageTests.swift */ = {isa = PBXFileReference; fileEncoding = 4; lastKnownFileType = sourcecode.swift; path = StorageTests.swift; sourceTree = "<group>"; };
		2A1F0F92460A849C17B26338 /* Storage.swift */ = {isa = PBXFileReference; fileEncoding = 4; lastKnownFileType = sourcecode.swift; path = Storage.swift; sourceTree = "<group>"; };
		3A80C09D1CED0319E596DBEE /* Pods_ParselyTrackerTests.framework */ = {isa = PBXFileReference; explicitFileType = wrapper.framework; includeInIndex = 0; path = Pods_ParselyTrackerTests.framework; sourceTree = BUILT_PRODUCTS_DIR; };
		3ADAC2F93CE241A29B434DCE /* Pods-ParselyDemoTests.debug.xcconfig */ = {isa = PBXFileReference; includeInIndex = 1; lastKnownFileType = text.xcconfig; name = "Pods-ParselyDemoTests.debug.xcconfig"; path = "Pods/Target Support Files/Pods-ParselyDemoTests/Pods-ParselyDemoTests.debug.xcconfig"; sourceTree = "<group>"; };
		510E83E973D358D695481B9E /* Pods_AnalyticsSDK.framework */ = {isa = PBXFileReference; explicitFileType = wrapper.framework; includeInIndex = 0; path = Pods_AnalyticsSDK.framework; sourceTree = BUILT_PRODUCTS_DIR; };
		526EF9377EAE8B4DC8CC0AA1 /* Pods_ParselyDemoTests.framework */ = {isa = PBXFileReference; explicitFileType = wrapper.framework; includeInIndex = 0; path = Pods_ParselyDemoTests.framework; sourceTree = BUILT_PRODUCTS_DIR; };
		5B0C6D4E730AEFB429AD06BB /* Pods_AnalyticsSDKTests.framework */ = {isa = PBXFileReference; explicitFileType = wrapper.framework; includeInIndex = 0; path = Pods_AnalyticsSDKTests.framework; sourceTree = BUILT_PRODUCTS_DIR; };
		60544B2E0BE096AC23166210 /* Pods-ParselyDemoTests.release.xcconfig */ = {isa = PBXFileReference; includeInIndex = 1; lastKnownFileType = text.xcconfig; name = "Pods-ParselyDemoTests.release.xcconfig"; path = "Pods/Target Support Files/Pods-ParselyDemoTests/Pods-ParselyDemoTests.release.xcconfig"; sourceTree = "<group>"; };
		6D623D570B7F71EFD9E46D24 /* Pods-ParselyTracker.release.xcconfig */ = {isa = PBXFileReference; includeInIndex = 1; lastKnownFileType = text.xcconfig; name = "Pods-ParselyTracker.release.xcconfig"; path = "Pods/Target Support Files/Pods-ParselyTracker/Pods-ParselyTracker.release.xcconfig"; sourceTree = "<group>"; };
		8E611964813255DB16F1B8D3 /* Pods-ParselyDemo.release.xcconfig */ = {isa = PBXFileReference; includeInIndex = 1; lastKnownFileType = text.xcconfig; name = "Pods-ParselyDemo.release.xcconfig"; path = "Pods/Target Support Files/Pods-ParselyDemo/Pods-ParselyDemo.release.xcconfig"; sourceTree = "<group>"; };
		906991F0294DF786C982D060 /* Pods-ParselyDemo.debug.xcconfig */ = {isa = PBXFileReference; includeInIndex = 1; lastKnownFileType = text.xcconfig; name = "Pods-ParselyDemo.debug.xcconfig"; path = "Pods/Target Support Files/Pods-ParselyDemo/Pods-ParselyDemo.debug.xcconfig"; sourceTree = "<group>"; };
		9CD753A4903488F9E572497D /* Pods-AnalyticsSDKTests.debug.xcconfig */ = {isa = PBXFileReference; includeInIndex = 1; lastKnownFileType = text.xcconfig; name = "Pods-AnalyticsSDKTests.debug.xcconfig"; path = "Pods/Target Support Files/Pods-AnalyticsSDKTests/Pods-AnalyticsSDKTests.debug.xcconfig"; sourceTree = "<group>"; };
		A07DD8B365F9DFAC828E58C2 /* Pods-ParselyTrackerTests.debug.xcconfig */ = {isa = PBXFileReference; includeInIndex = 1; lastKnownFileType = text.xcconfig; name = "Pods-ParselyTrackerTests.debug.xcconfig"; path = "Pods/Target Support Files/Pods-ParselyTrackerTests/Pods-ParselyTrackerTests.debug.xcconfig"; sourceTree = "<group>"; };
		AA73AAAE2242C1F10089BF1D /* ParselyTestCase.swift */ = {isa = PBXFileReference; lastKnownFileType = sourcecode.swift; path = ParselyTestCase.swift; sourceTree = "<group>"; };
		AAEDC3262212161F00769350 /* HttpClient.swift */ = {isa = PBXFileReference; fileEncoding = 4; lastKnownFileType = sourcecode.swift; path = HttpClient.swift; sourceTree = "<group>"; };
		AAEDC32822123DD300769350 /* README.md */ = {isa = PBXFileReference; fileEncoding = 4; lastKnownFileType = net.daringfireball.markdown; path = README.md; sourceTree = "<group>"; };
		AAEDC32A2212407700769350 /* ParselyTracker.framework */ = {isa = PBXFileReference; lastKnownFileType = wrapper.framework; name = ParselyTracker.framework; path = ../../../Downloads/ParselyTracker.framework; sourceTree = "<group>"; };
		AB009DED9C4184290AB524B3 /* Pods-ParselyTracker.debug.xcconfig */ = {isa = PBXFileReference; includeInIndex = 1; lastKnownFileType = text.xcconfig; name = "Pods-ParselyTracker.debug.xcconfig"; path = "Pods/Target Support Files/Pods-ParselyTracker/Pods-ParselyTracker.debug.xcconfig"; sourceTree = "<group>"; };
		AC235FA4A9626257C28A45C4 /* Pods_ParselyDemo.framework */ = {isa = PBXFileReference; explicitFileType = wrapper.framework; includeInIndex = 0; path = Pods_ParselyDemo.framework; sourceTree = BUILT_PRODUCTS_DIR; };
		B205889C220CB67500476E27 /* RequestBuilder.swift */ = {isa = PBXFileReference; lastKnownFileType = sourcecode.swift; path = RequestBuilder.swift; sourceTree = "<group>"; };
		B205889E220CB72A00476E27 /* RequestBuilderTests.swift */ = {isa = PBXFileReference; lastKnownFileType = sourcecode.swift; path = RequestBuilderTests.swift; sourceTree = "<group>"; };
		B2BC46FA2208D60A000B937A /* Track.swift */ = {isa = PBXFileReference; lastKnownFileType = sourcecode.swift; path = Track.swift; sourceTree = "<group>"; };
		B2C84B65220A03610018BC7B /* SamplerTests.swift */ = {isa = PBXFileReference; lastKnownFileType = sourcecode.swift; path = SamplerTests.swift; sourceTree = "<group>"; };
		B2FC40BD221CC42300C70806 /* Metadata.swift */ = {isa = PBXFileReference; lastKnownFileType = sourcecode.swift; path = Metadata.swift; sourceTree = "<group>"; };
		B2FC40BF221CC43200C70806 /* MetadataTests.swift */ = {isa = PBXFileReference; lastKnownFileType = sourcecode.swift; path = MetadataTests.swift; sourceTree = "<group>"; };
		C809B31A3D785C1DD2A05C4E /* Pods-AnalyticsSDKTests.release.xcconfig */ = {isa = PBXFileReference; includeInIndex = 1; lastKnownFileType = text.xcconfig; name = "Pods-AnalyticsSDKTests.release.xcconfig"; path = "Pods/Target Support Files/Pods-AnalyticsSDKTests/Pods-AnalyticsSDKTests.release.xcconfig"; sourceTree = "<group>"; };
		EE743C16C8DDCAA9BDD45994 /* Pods_ParselyTracker.framework */ = {isa = PBXFileReference; explicitFileType = wrapper.framework; includeInIndex = 0; path = Pods_ParselyTracker.framework; sourceTree = BUILT_PRODUCTS_DIR; };
		F32771E2DD5F1A6A68B29BB2 /* Pods-AnalyticsSDK.release.xcconfig */ = {isa = PBXFileReference; includeInIndex = 1; lastKnownFileType = text.xcconfig; name = "Pods-AnalyticsSDK.release.xcconfig"; path = "Pods/Target Support Files/Pods-AnalyticsSDK/Pods-AnalyticsSDK.release.xcconfig"; sourceTree = "<group>"; };
		F40D9A5A20EFF74F0030525E /* ParselyDemo.app */ = {isa = PBXFileReference; explicitFileType = wrapper.application; includeInIndex = 0; path = ParselyDemo.app; sourceTree = BUILT_PRODUCTS_DIR; };
		F40D9A5D20EFF74F0030525E /* AppDelegate.swift */ = {isa = PBXFileReference; lastKnownFileType = sourcecode.swift; path = AppDelegate.swift; sourceTree = "<group>"; };
		F40D9A5F20EFF74F0030525E /* FirstViewController.swift */ = {isa = PBXFileReference; lastKnownFileType = sourcecode.swift; path = FirstViewController.swift; sourceTree = "<group>"; };
		F40D9A6120EFF74F0030525E /* SecondViewController.swift */ = {isa = PBXFileReference; lastKnownFileType = sourcecode.swift; path = SecondViewController.swift; sourceTree = "<group>"; };
		F40D9A6420EFF74F0030525E /* Base */ = {isa = PBXFileReference; lastKnownFileType = file.storyboard; name = Base; path = Base.lproj/Main.storyboard; sourceTree = "<group>"; };
		F40D9A6620EFF74F0030525E /* Assets.xcassets */ = {isa = PBXFileReference; lastKnownFileType = folder.assetcatalog; path = Assets.xcassets; sourceTree = "<group>"; };
		F40D9A6920EFF74F0030525E /* Base */ = {isa = PBXFileReference; lastKnownFileType = file.storyboard; name = Base; path = Base.lproj/LaunchScreen.storyboard; sourceTree = "<group>"; };
		F40D9A6B20EFF7500030525E /* Info.plist */ = {isa = PBXFileReference; lastKnownFileType = text.plist.xml; path = Info.plist; sourceTree = "<group>"; };
		F40D9A7020EFF7500030525E /* ParselyDemoTests.xctest */ = {isa = PBXFileReference; explicitFileType = wrapper.cfbundle; includeInIndex = 0; path = ParselyDemoTests.xctest; sourceTree = BUILT_PRODUCTS_DIR; };
		F40D9A7420EFF7500030525E /* AnalyticsSDKTests.swift */ = {isa = PBXFileReference; lastKnownFileType = sourcecode.swift; path = AnalyticsSDKTests.swift; sourceTree = "<group>"; };
		F40D9A7620EFF7500030525E /* Info.plist */ = {isa = PBXFileReference; lastKnownFileType = text.plist.xml; path = Info.plist; sourceTree = "<group>"; };
		F40D9A7F20EFF7D70030525E /* AnalyticsSDK.entitlements */ = {isa = PBXFileReference; lastKnownFileType = text.plist.entitlements; path = AnalyticsSDK.entitlements; sourceTree = "<group>"; };
		F40D9A8020EFFADD0030525E /* ParselyTracker.swift */ = {isa = PBXFileReference; lastKnownFileType = sourcecode.swift; path = ParselyTracker.swift; sourceTree = "<group>"; };
		F410D63021061D7800DB3EBE /* PixelTests.swift */ = {isa = PBXFileReference; lastKnownFileType = sourcecode.swift; path = PixelTests.swift; sourceTree = "<group>"; };
		F433338E20F0087E004BB6F5 /* ParselyTracker.framework */ = {isa = PBXFileReference; explicitFileType = wrapper.framework; includeInIndex = 0; path = ParselyTracker.framework; sourceTree = BUILT_PRODUCTS_DIR; };
		F433339120F0087E004BB6F5 /* Info.plist */ = {isa = PBXFileReference; lastKnownFileType = text.plist.xml; path = Info.plist; sourceTree = "<group>"; };
		F433339620F0087E004BB6F5 /* ParselyTrackerTests.xctest */ = {isa = PBXFileReference; explicitFileType = wrapper.cfbundle; includeInIndex = 0; path = ParselyTrackerTests.xctest; sourceTree = BUILT_PRODUCTS_DIR; };
		F433339D20F0087E004BB6F5 /* ParselyTrackerTests.swift */ = {isa = PBXFileReference; lastKnownFileType = sourcecode.swift; path = ParselyTrackerTests.swift; sourceTree = "<group>"; };
		F433339F20F0087E004BB6F5 /* Info.plist */ = {isa = PBXFileReference; lastKnownFileType = text.plist.xml; path = Info.plist; sourceTree = "<group>"; };
		F43333AD20F008EE004BB6F5 /* Session.swift */ = {isa = PBXFileReference; lastKnownFileType = sourcecode.swift; path = Session.swift; sourceTree = "<group>"; };
		F43333AE20F008EE004BB6F5 /* Video.swift */ = {isa = PBXFileReference; lastKnownFileType = sourcecode.swift; path = Video.swift; sourceTree = "<group>"; };
		F43333B020F008EE004BB6F5 /* Sampler.swift */ = {isa = PBXFileReference; lastKnownFileType = sourcecode.swift; path = Sampler.swift; sourceTree = "<group>"; };
		F43333B120F008EE004BB6F5 /* EventQueue.swift */ = {isa = PBXFileReference; lastKnownFileType = sourcecode.swift; path = EventQueue.swift; sourceTree = "<group>"; };
		F43333B220F008EF004BB6F5 /* EngagedTime.swift */ = {isa = PBXFileReference; lastKnownFileType = sourcecode.swift; path = EngagedTime.swift; sourceTree = "<group>"; };
		F43333B320F008EF004BB6F5 /* Pixel.swift */ = {isa = PBXFileReference; lastKnownFileType = sourcecode.swift; path = Pixel.swift; sourceTree = "<group>"; };
		F43333B420F008EF004BB6F5 /* Visitor.swift */ = {isa = PBXFileReference; lastKnownFileType = sourcecode.swift; path = Visitor.swift; sourceTree = "<group>"; };
		F43333B520F008EF004BB6F5 /* Event.swift */ = {isa = PBXFileReference; lastKnownFileType = sourcecode.swift; path = Event.swift; sourceTree = "<group>"; };
		F441A55B20F3B8BF009B556E /* EventQueueTests.swift */ = {isa = PBXFileReference; lastKnownFileType = sourcecode.swift; path = EventQueueTests.swift; sourceTree = "<group>"; };
		F441A55D20F53A56009B556E /* EventTests.swift */ = {isa = PBXFileReference; lastKnownFileType = sourcecode.swift; path = EventTests.swift; sourceTree = "<group>"; };
		F494BFB520FFDD5900025A4C /* Podfile */ = {isa = PBXFileReference; fileEncoding = 4; lastKnownFileType = text; path = Podfile; sourceTree = "<group>"; xcLanguageSpecificationIdentifier = xcode.lang.ruby; };
		F4BF86672190DAFC00BD3867 /* EngagedTimeTests.swift */ = {isa = PBXFileReference; lastKnownFileType = sourcecode.swift; path = EngagedTimeTests.swift; sourceTree = "<group>"; };
		F4BF86692190DB1C00BD3867 /* TrackTests.swift */ = {isa = PBXFileReference; lastKnownFileType = sourcecode.swift; path = TrackTests.swift; sourceTree = "<group>"; };
		F4BF866B2190DB3C00BD3867 /* SessionTests.swift */ = {isa = PBXFileReference; lastKnownFileType = sourcecode.swift; path = SessionTests.swift; sourceTree = "<group>"; };
		F4BF866D2190DB4A00BD3867 /* VideoTests.swift */ = {isa = PBXFileReference; lastKnownFileType = sourcecode.swift; path = VideoTests.swift; sourceTree = "<group>"; };
		F4BF866F2190DB5A00BD3867 /* VisitorTests.swift */ = {isa = PBXFileReference; lastKnownFileType = sourcecode.swift; path = VisitorTests.swift; sourceTree = "<group>"; };
		F641C3C76F714CE598D03837 /* Pods-ParselyTrackerTests.release.xcconfig */ = {isa = PBXFileReference; includeInIndex = 1; lastKnownFileType = text.xcconfig; name = "Pods-ParselyTrackerTests.release.xcconfig"; path = "Pods/Target Support Files/Pods-ParselyTrackerTests/Pods-ParselyTrackerTests.release.xcconfig"; sourceTree = "<group>"; };
/* End PBXFileReference section */

/* Begin PBXFrameworksBuildPhase section */
		F40D9A5720EFF74F0030525E /* Frameworks */ = {
			isa = PBXFrameworksBuildPhase;
			buildActionMask = 2147483647;
			files = (
				57E211E09EB0BEF46691064D /* Pods_ParselyDemo.framework in Frameworks */,
				AAF629792216382800F59789 /* ParselyTracker.framework in Frameworks */,
			);
			runOnlyForDeploymentPostprocessing = 0;
		};
		F40D9A6D20EFF7500030525E /* Frameworks */ = {
			isa = PBXFrameworksBuildPhase;
			buildActionMask = 2147483647;
			files = (
				DD6DF0DF715E6AF4166BA1CA /* Pods_AnalyticsSDKTests.framework in Frameworks */,
				C26CD66D2E7BC7C6843FD36F /* Pods_ParselyDemoTests.framework in Frameworks */,
			);
			runOnlyForDeploymentPostprocessing = 0;
		};
		F433338A20F0087E004BB6F5 /* Frameworks */ = {
			isa = PBXFrameworksBuildPhase;
			buildActionMask = 2147483647;
			files = (
				01520E457E678B18E060F1EE /* Pods_ParselyTracker.framework in Frameworks */,
			);
			runOnlyForDeploymentPostprocessing = 0;
		};
		F433339320F0087E004BB6F5 /* Frameworks */ = {
			isa = PBXFrameworksBuildPhase;
			buildActionMask = 2147483647;
			files = (
				F433339720F0087E004BB6F5 /* ParselyTracker.framework in Frameworks */,
				DFD7BB483E787F03E5494A20 /* Pods_ParselyTrackerTests.framework in Frameworks */,
			);
			runOnlyForDeploymentPostprocessing = 0;
		};
/* End PBXFrameworksBuildPhase section */

/* Begin PBXGroup section */
		18AECE06D2368AC7AC7D27B1 /* Pods */ = {
			isa = PBXGroup;
			children = (
				0512C3C37D1324FAF6BE71AD /* Pods-AnalyticsSDK.debug.xcconfig */,
				F32771E2DD5F1A6A68B29BB2 /* Pods-AnalyticsSDK.release.xcconfig */,
				9CD753A4903488F9E572497D /* Pods-AnalyticsSDKTests.debug.xcconfig */,
				C809B31A3D785C1DD2A05C4E /* Pods-AnalyticsSDKTests.release.xcconfig */,
				AB009DED9C4184290AB524B3 /* Pods-ParselyTracker.debug.xcconfig */,
				6D623D570B7F71EFD9E46D24 /* Pods-ParselyTracker.release.xcconfig */,
				A07DD8B365F9DFAC828E58C2 /* Pods-ParselyTrackerTests.debug.xcconfig */,
				F641C3C76F714CE598D03837 /* Pods-ParselyTrackerTests.release.xcconfig */,
				906991F0294DF786C982D060 /* Pods-ParselyDemo.debug.xcconfig */,
				8E611964813255DB16F1B8D3 /* Pods-ParselyDemo.release.xcconfig */,
				3ADAC2F93CE241A29B434DCE /* Pods-ParselyDemoTests.debug.xcconfig */,
				60544B2E0BE096AC23166210 /* Pods-ParselyDemoTests.release.xcconfig */,
			);
			name = Pods;
			sourceTree = "<group>";
		};
		E6EFA5F61B38FE34B3DF5AD2 /* Frameworks */ = {
			isa = PBXGroup;
			children = (
				AAEDC32A2212407700769350 /* ParselyTracker.framework */,
				510E83E973D358D695481B9E /* Pods_AnalyticsSDK.framework */,
				5B0C6D4E730AEFB429AD06BB /* Pods_AnalyticsSDKTests.framework */,
				EE743C16C8DDCAA9BDD45994 /* Pods_ParselyTracker.framework */,
				3A80C09D1CED0319E596DBEE /* Pods_ParselyTrackerTests.framework */,
				AC235FA4A9626257C28A45C4 /* Pods_ParselyDemo.framework */,
				526EF9377EAE8B4DC8CC0AA1 /* Pods_ParselyDemoTests.framework */,
			);
			name = Frameworks;
			sourceTree = "<group>";
		};
		F40D9A5120EFF74F0030525E = {
			isa = PBXGroup;
			children = (
				AAEDC32822123DD300769350 /* README.md */,
				F494BFB520FFDD5900025A4C /* Podfile */,
				F40D9A5C20EFF74F0030525E /* ParselyDemo */,
				F40D9A7320EFF7500030525E /* ParselyDemoTests */,
				F433338F20F0087E004BB6F5 /* ParselyTracker */,
				F433339C20F0087E004BB6F5 /* ParselyTrackerTests */,
				F40D9A5B20EFF74F0030525E /* Products */,
				18AECE06D2368AC7AC7D27B1 /* Pods */,
				E6EFA5F61B38FE34B3DF5AD2 /* Frameworks */,
			);
			sourceTree = "<group>";
		};
		F40D9A5B20EFF74F0030525E /* Products */ = {
			isa = PBXGroup;
			children = (
				F40D9A5A20EFF74F0030525E /* ParselyDemo.app */,
				F40D9A7020EFF7500030525E /* ParselyDemoTests.xctest */,
				F433338E20F0087E004BB6F5 /* ParselyTracker.framework */,
				F433339620F0087E004BB6F5 /* ParselyTrackerTests.xctest */,
			);
			name = Products;
			sourceTree = "<group>";
		};
		F40D9A5C20EFF74F0030525E /* ParselyDemo */ = {
			isa = PBXGroup;
			children = (
				F40D9A7F20EFF7D70030525E /* AnalyticsSDK.entitlements */,
				F40D9A5D20EFF74F0030525E /* AppDelegate.swift */,
				F40D9A5F20EFF74F0030525E /* FirstViewController.swift */,
				F40D9A6120EFF74F0030525E /* SecondViewController.swift */,
				F40D9A6320EFF74F0030525E /* Main.storyboard */,
				F40D9A6620EFF74F0030525E /* Assets.xcassets */,
				F40D9A6820EFF74F0030525E /* LaunchScreen.storyboard */,
				F40D9A6B20EFF7500030525E /* Info.plist */,
			);
			path = ParselyDemo;
			sourceTree = "<group>";
		};
		F40D9A7320EFF7500030525E /* ParselyDemoTests */ = {
			isa = PBXGroup;
			children = (
				F40D9A7420EFF7500030525E /* AnalyticsSDKTests.swift */,
				F40D9A7620EFF7500030525E /* Info.plist */,
			);
			path = ParselyDemoTests;
			sourceTree = "<group>";
		};
		F433338F20F0087E004BB6F5 /* ParselyTracker */ = {
			isa = PBXGroup;
			children = (
				AAEDC3262212161F00769350 /* HttpClient.swift */,
				F43333B220F008EF004BB6F5 /* EngagedTime.swift */,
				F43333B120F008EE004BB6F5 /* EventQueue.swift */,
				F43333B520F008EF004BB6F5 /* Event.swift */,
				F43333B320F008EF004BB6F5 /* Pixel.swift */,
				F43333B020F008EE004BB6F5 /* Sampler.swift */,
				F43333AD20F008EE004BB6F5 /* Session.swift */,
				F43333AE20F008EE004BB6F5 /* Video.swift */,
				F43333B420F008EF004BB6F5 /* Visitor.swift */,
				F40D9A8020EFFADD0030525E /* ParselyTracker.swift */,
				F433339120F0087E004BB6F5 /* Info.plist */,
				2A1F0F92460A849C17B26338 /* Storage.swift */,
				B2BC46FA2208D60A000B937A /* Track.swift */,
				B205889C220CB67500476E27 /* RequestBuilder.swift */,
				B2FC40BD221CC42300C70806 /* Metadata.swift */,
			);
			path = ParselyTracker;
			sourceTree = "<group>";
		};
		F433339C20F0087E004BB6F5 /* ParselyTrackerTests */ = {
			isa = PBXGroup;
			children = (
				F433339D20F0087E004BB6F5 /* ParselyTrackerTests.swift */,
				F433339F20F0087E004BB6F5 /* Info.plist */,
				F441A55B20F3B8BF009B556E /* EventQueueTests.swift */,
				F441A55D20F53A56009B556E /* EventTests.swift */,
				F410D63021061D7800DB3EBE /* PixelTests.swift */,
				2A1F03819E4FAF1F979D5926 /* StorageTests.swift */,
				F4BF86672190DAFC00BD3867 /* EngagedTimeTests.swift */,
				F4BF86692190DB1C00BD3867 /* TrackTests.swift */,
				F4BF866B2190DB3C00BD3867 /* SessionTests.swift */,
				F4BF866D2190DB4A00BD3867 /* VideoTests.swift */,
				F4BF866F2190DB5A00BD3867 /* VisitorTests.swift */,
				B2C84B65220A03610018BC7B /* SamplerTests.swift */,
				B205889E220CB72A00476E27 /* RequestBuilderTests.swift */,
				B2FC40BF221CC43200C70806 /* MetadataTests.swift */,
				AA73AAAE2242C1F10089BF1D /* ParselyTestCase.swift */,
			);
			path = ParselyTrackerTests;
			sourceTree = "<group>";
		};
/* End PBXGroup section */

/* Begin PBXHeadersBuildPhase section */
		F433338B20F0087E004BB6F5 /* Headers */ = {
			isa = PBXHeadersBuildPhase;
			buildActionMask = 2147483647;
			files = (
			);
			runOnlyForDeploymentPostprocessing = 0;
		};
/* End PBXHeadersBuildPhase section */

/* Begin PBXNativeTarget section */
		F40D9A5920EFF74F0030525E /* ParselyDemo */ = {
			isa = PBXNativeTarget;
			buildConfigurationList = F40D9A7920EFF7500030525E /* Build configuration list for PBXNativeTarget "ParselyDemo" */;
			buildPhases = (
				B2D8136DDB40E2E07902E28F /* [CP] Check Pods Manifest.lock */,
				F40D9A5620EFF74F0030525E /* Sources */,
				F40D9A5720EFF74F0030525E /* Frameworks */,
				F40D9A5820EFF74F0030525E /* Resources */,
				F43333AA20F0087E004BB6F5 /* Embed Frameworks */,
				96272734BE9824902EF80C99 /* [CP] Embed Pods Frameworks */,
			);
			buildRules = (
			);
			dependencies = (
				F43333A220F0087E004BB6F5 /* PBXTargetDependency */,
			);
			name = ParselyDemo;
			productName = AnalyticsSDK;
			productReference = F40D9A5A20EFF74F0030525E /* ParselyDemo.app */;
			productType = "com.apple.product-type.application";
		};
		F40D9A6F20EFF7500030525E /* ParselyDemoTests */ = {
			isa = PBXNativeTarget;
			buildConfigurationList = F40D9A7C20EFF7500030525E /* Build configuration list for PBXNativeTarget "ParselyDemoTests" */;
			buildPhases = (
				6D828DF51C26314B9940FD45 /* [CP] Check Pods Manifest.lock */,
				F40D9A6C20EFF7500030525E /* Sources */,
				F40D9A6D20EFF7500030525E /* Frameworks */,
				F40D9A6E20EFF7500030525E /* Resources */,
			);
			buildRules = (
			);
			dependencies = (
				F40D9A7220EFF7500030525E /* PBXTargetDependency */,
			);
			name = ParselyDemoTests;
			productName = AnalyticsSDKTests;
			productReference = F40D9A7020EFF7500030525E /* ParselyDemoTests.xctest */;
			productType = "com.apple.product-type.bundle.unit-test";
		};
		F433338D20F0087E004BB6F5 /* ParselyTracker */ = {
			isa = PBXNativeTarget;
			buildConfigurationList = F43333A920F0087E004BB6F5 /* Build configuration list for PBXNativeTarget "ParselyTracker" */;
			buildPhases = (
				DE28483D27F1BA2AA36E2A05 /* [CP] Check Pods Manifest.lock */,
				F433338920F0087E004BB6F5 /* Sources */,
				F433338A20F0087E004BB6F5 /* Frameworks */,
				F433338B20F0087E004BB6F5 /* Headers */,
				F433338C20F0087E004BB6F5 /* Resources */,
			);
			buildRules = (
			);
			dependencies = (
			);
			name = ParselyTracker;
			productName = ParselyTracker;
			productReference = F433338E20F0087E004BB6F5 /* ParselyTracker.framework */;
			productType = "com.apple.product-type.framework";
		};
		F433339520F0087E004BB6F5 /* ParselyTrackerTests */ = {
			isa = PBXNativeTarget;
			buildConfigurationList = F43333AB20F0087E004BB6F5 /* Build configuration list for PBXNativeTarget "ParselyTrackerTests" */;
			buildPhases = (
				AAF24F042465B46CC0D7A05C /* [CP] Check Pods Manifest.lock */,
				F433339220F0087E004BB6F5 /* Sources */,
				F433339320F0087E004BB6F5 /* Frameworks */,
				F433339420F0087E004BB6F5 /* Resources */,
				B3B18E4563793D9386615106 /* [CP] Embed Pods Frameworks */,
			);
			buildRules = (
			);
			dependencies = (
				F433339920F0087E004BB6F5 /* PBXTargetDependency */,
				F433339B20F0087E004BB6F5 /* PBXTargetDependency */,
			);
			name = ParselyTrackerTests;
			productName = ParselyTrackerTests;
			productReference = F433339620F0087E004BB6F5 /* ParselyTrackerTests.xctest */;
			productType = "com.apple.product-type.bundle.unit-test";
		};
/* End PBXNativeTarget section */

/* Begin PBXProject section */
		F40D9A5220EFF74F0030525E /* Project object */ = {
			isa = PBXProject;
			attributes = {
				LastSwiftUpdateCheck = 0900;
				LastUpgradeCheck = 0940;
				ORGANIZATIONNAME = Parse.ly;
				TargetAttributes = {
					F40D9A5920EFF74F0030525E = {
						CreatedOnToolsVersion = 9.0;
						LastSwiftMigration = 1000;
						ProvisioningStyle = Automatic;
						SystemCapabilities = {
							com.apple.DataProtection = {
								enabled = 0;
							};
						};
					};
					F40D9A6F20EFF7500030525E = {
						CreatedOnToolsVersion = 9.0;
						ProvisioningStyle = Automatic;
						TestTargetID = F40D9A5920EFF74F0030525E;
					};
					F433338D20F0087E004BB6F5 = {
						CreatedOnToolsVersion = 9.0;
						LastSwiftMigration = 1000;
						ProvisioningStyle = Automatic;
					};
					F433339520F0087E004BB6F5 = {
						CreatedOnToolsVersion = 9.0;
						LastSwiftMigration = 1000;
						ProvisioningStyle = Automatic;
						TestTargetID = F40D9A5920EFF74F0030525E;
					};
				};
			};
			buildConfigurationList = F40D9A5520EFF74F0030525E /* Build configuration list for PBXProject "ParselyDemo" */;
			compatibilityVersion = "Xcode 8.0";
			developmentRegion = en;
			hasScannedForEncodings = 0;
			knownRegions = (
				en,
				Base,
			);
			mainGroup = F40D9A5120EFF74F0030525E;
			productRefGroup = F40D9A5B20EFF74F0030525E /* Products */;
			projectDirPath = "";
			projectRoot = "";
			targets = (
				F40D9A5920EFF74F0030525E /* ParselyDemo */,
				F40D9A6F20EFF7500030525E /* ParselyDemoTests */,
				F433338D20F0087E004BB6F5 /* ParselyTracker */,
				F433339520F0087E004BB6F5 /* ParselyTrackerTests */,
			);
		};
/* End PBXProject section */

/* Begin PBXResourcesBuildPhase section */
		F40D9A5820EFF74F0030525E /* Resources */ = {
			isa = PBXResourcesBuildPhase;
			buildActionMask = 2147483647;
			files = (
				F40D9A6A20EFF74F0030525E /* LaunchScreen.storyboard in Resources */,
				F40D9A6720EFF74F0030525E /* Assets.xcassets in Resources */,
				F494BFB620FFDD5900025A4C /* Podfile in Resources */,
				F40D9A6520EFF74F0030525E /* Main.storyboard in Resources */,
			);
			runOnlyForDeploymentPostprocessing = 0;
		};
		F40D9A6E20EFF7500030525E /* Resources */ = {
			isa = PBXResourcesBuildPhase;
			buildActionMask = 2147483647;
			files = (
			);
			runOnlyForDeploymentPostprocessing = 0;
		};
		F433338C20F0087E004BB6F5 /* Resources */ = {
			isa = PBXResourcesBuildPhase;
			buildActionMask = 2147483647;
			files = (
				AAEDC32922123DD300769350 /* README.md in Resources */,
			);
			runOnlyForDeploymentPostprocessing = 0;
		};
		F433339420F0087E004BB6F5 /* Resources */ = {
			isa = PBXResourcesBuildPhase;
			buildActionMask = 2147483647;
			files = (
			);
			runOnlyForDeploymentPostprocessing = 0;
		};
/* End PBXResourcesBuildPhase section */

/* Begin PBXShellScriptBuildPhase section */
		6D828DF51C26314B9940FD45 /* [CP] Check Pods Manifest.lock */ = {
			isa = PBXShellScriptBuildPhase;
			buildActionMask = 2147483647;
			files = (
			);
			inputPaths = (
				"${PODS_PODFILE_DIR_PATH}/Podfile.lock",
				"${PODS_ROOT}/Manifest.lock",
			);
			name = "[CP] Check Pods Manifest.lock";
			outputPaths = (
				"$(DERIVED_FILE_DIR)/Pods-ParselyDemoTests-checkManifestLockResult.txt",
			);
			runOnlyForDeploymentPostprocessing = 0;
			shellPath = /bin/sh;
			shellScript = "diff \"${PODS_PODFILE_DIR_PATH}/Podfile.lock\" \"${PODS_ROOT}/Manifest.lock\" > /dev/null\nif [ $? != 0 ] ; then\n    # print error to STDERR\n    echo \"error: The sandbox is not in sync with the Podfile.lock. Run 'pod install' or update your CocoaPods installation.\" >&2\n    exit 1\nfi\n# This output is used by Xcode 'outputs' to avoid re-running this script phase.\necho \"SUCCESS\" > \"${SCRIPT_OUTPUT_FILE_0}\"\n";
			showEnvVarsInLog = 0;
		};
		96272734BE9824902EF80C99 /* [CP] Embed Pods Frameworks */ = {
			isa = PBXShellScriptBuildPhase;
			buildActionMask = 2147483647;
			files = (
			);
			inputPaths = (
				"${SRCROOT}/Pods/Target Support Files/Pods-ParselyDemo/Pods-ParselyDemo-frameworks.sh",
				"${BUILT_PRODUCTS_DIR}/ReachabilitySwift/Reachability.framework",
				"${BUILT_PRODUCTS_DIR}/SwiftHTTP/SwiftHTTP.framework",
				"${BUILT_PRODUCTS_DIR}/SwiftyJSON/SwiftyJSON.framework",
			);
			name = "[CP] Embed Pods Frameworks";
			outputPaths = (
				"${TARGET_BUILD_DIR}/${FRAMEWORKS_FOLDER_PATH}/Reachability.framework",
				"${TARGET_BUILD_DIR}/${FRAMEWORKS_FOLDER_PATH}/SwiftHTTP.framework",
				"${TARGET_BUILD_DIR}/${FRAMEWORKS_FOLDER_PATH}/SwiftyJSON.framework",
			);
			runOnlyForDeploymentPostprocessing = 0;
			shellPath = /bin/sh;
			shellScript = "\"${SRCROOT}/Pods/Target Support Files/Pods-ParselyDemo/Pods-ParselyDemo-frameworks.sh\"\n";
			showEnvVarsInLog = 0;
		};
		AAF24F042465B46CC0D7A05C /* [CP] Check Pods Manifest.lock */ = {
			isa = PBXShellScriptBuildPhase;
			buildActionMask = 2147483647;
			files = (
			);
			inputPaths = (
				"${PODS_PODFILE_DIR_PATH}/Podfile.lock",
				"${PODS_ROOT}/Manifest.lock",
			);
			name = "[CP] Check Pods Manifest.lock";
			outputPaths = (
				"$(DERIVED_FILE_DIR)/Pods-ParselyTrackerTests-checkManifestLockResult.txt",
			);
			runOnlyForDeploymentPostprocessing = 0;
			shellPath = /bin/sh;
			shellScript = "diff \"${PODS_PODFILE_DIR_PATH}/Podfile.lock\" \"${PODS_ROOT}/Manifest.lock\" > /dev/null\nif [ $? != 0 ] ; then\n    # print error to STDERR\n    echo \"error: The sandbox is not in sync with the Podfile.lock. Run 'pod install' or update your CocoaPods installation.\" >&2\n    exit 1\nfi\n# This output is used by Xcode 'outputs' to avoid re-running this script phase.\necho \"SUCCESS\" > \"${SCRIPT_OUTPUT_FILE_0}\"\n";
			showEnvVarsInLog = 0;
		};
		B2D8136DDB40E2E07902E28F /* [CP] Check Pods Manifest.lock */ = {
			isa = PBXShellScriptBuildPhase;
			buildActionMask = 2147483647;
			files = (
			);
			inputPaths = (
				"${PODS_PODFILE_DIR_PATH}/Podfile.lock",
				"${PODS_ROOT}/Manifest.lock",
			);
			name = "[CP] Check Pods Manifest.lock";
			outputPaths = (
				"$(DERIVED_FILE_DIR)/Pods-ParselyDemo-checkManifestLockResult.txt",
			);
			runOnlyForDeploymentPostprocessing = 0;
			shellPath = /bin/sh;
			shellScript = "diff \"${PODS_PODFILE_DIR_PATH}/Podfile.lock\" \"${PODS_ROOT}/Manifest.lock\" > /dev/null\nif [ $? != 0 ] ; then\n    # print error to STDERR\n    echo \"error: The sandbox is not in sync with the Podfile.lock. Run 'pod install' or update your CocoaPods installation.\" >&2\n    exit 1\nfi\n# This output is used by Xcode 'outputs' to avoid re-running this script phase.\necho \"SUCCESS\" > \"${SCRIPT_OUTPUT_FILE_0}\"\n";
			showEnvVarsInLog = 0;
		};
		B3B18E4563793D9386615106 /* [CP] Embed Pods Frameworks */ = {
			isa = PBXShellScriptBuildPhase;
			buildActionMask = 2147483647;
			files = (
			);
			inputPaths = (
				"${SRCROOT}/Pods/Target Support Files/Pods-ParselyTrackerTests/Pods-ParselyTrackerTests-frameworks.sh",
				"${BUILT_PRODUCTS_DIR}/ReachabilitySwift/Reachability.framework",
				"${BUILT_PRODUCTS_DIR}/SwiftHTTP/SwiftHTTP.framework",
				"${BUILT_PRODUCTS_DIR}/SwiftyJSON/SwiftyJSON.framework",
			);
			name = "[CP] Embed Pods Frameworks";
			outputPaths = (
				"${TARGET_BUILD_DIR}/${FRAMEWORKS_FOLDER_PATH}/Reachability.framework",
				"${TARGET_BUILD_DIR}/${FRAMEWORKS_FOLDER_PATH}/SwiftHTTP.framework",
				"${TARGET_BUILD_DIR}/${FRAMEWORKS_FOLDER_PATH}/SwiftyJSON.framework",
			);
			runOnlyForDeploymentPostprocessing = 0;
			shellPath = /bin/sh;
			shellScript = "\"${SRCROOT}/Pods/Target Support Files/Pods-ParselyTrackerTests/Pods-ParselyTrackerTests-frameworks.sh\"\n";
			showEnvVarsInLog = 0;
		};
		DE28483D27F1BA2AA36E2A05 /* [CP] Check Pods Manifest.lock */ = {
			isa = PBXShellScriptBuildPhase;
			buildActionMask = 2147483647;
			files = (
			);
			inputPaths = (
				"${PODS_PODFILE_DIR_PATH}/Podfile.lock",
				"${PODS_ROOT}/Manifest.lock",
			);
			name = "[CP] Check Pods Manifest.lock";
			outputPaths = (
				"$(DERIVED_FILE_DIR)/Pods-ParselyTracker-checkManifestLockResult.txt",
			);
			runOnlyForDeploymentPostprocessing = 0;
			shellPath = /bin/sh;
			shellScript = "diff \"${PODS_PODFILE_DIR_PATH}/Podfile.lock\" \"${PODS_ROOT}/Manifest.lock\" > /dev/null\nif [ $? != 0 ] ; then\n    # print error to STDERR\n    echo \"error: The sandbox is not in sync with the Podfile.lock. Run 'pod install' or update your CocoaPods installation.\" >&2\n    exit 1\nfi\n# This output is used by Xcode 'outputs' to avoid re-running this script phase.\necho \"SUCCESS\" > \"${SCRIPT_OUTPUT_FILE_0}\"\n";
			showEnvVarsInLog = 0;
		};
/* End PBXShellScriptBuildPhase section */

/* Begin PBXSourcesBuildPhase section */
		F40D9A5620EFF74F0030525E /* Sources */ = {
			isa = PBXSourcesBuildPhase;
			buildActionMask = 2147483647;
			files = (
				F40D9A6220EFF74F0030525E /* SecondViewController.swift in Sources */,
				F40D9A5E20EFF74F0030525E /* AppDelegate.swift in Sources */,
				F40D9A6020EFF74F0030525E /* FirstViewController.swift in Sources */,
				2A1F05EB11D3A1B7EC5FB2C1 /* Storage.swift in Sources */,
			);
			runOnlyForDeploymentPostprocessing = 0;
		};
		F40D9A6C20EFF7500030525E /* Sources */ = {
			isa = PBXSourcesBuildPhase;
			buildActionMask = 2147483647;
			files = (
			);
			runOnlyForDeploymentPostprocessing = 0;
		};
		F433338920F0087E004BB6F5 /* Sources */ = {
			isa = PBXSourcesBuildPhase;
			buildActionMask = 2147483647;
			files = (
				B2FC40BE221CC42300C70806 /* Metadata.swift in Sources */,
				F43333BD20F008EF004BB6F5 /* Visitor.swift in Sources */,
				F43333BC20F008EF004BB6F5 /* Pixel.swift in Sources */,
				F43333B620F008EF004BB6F5 /* Session.swift in Sources */,
				B205889D220CB67500476E27 /* RequestBuilder.swift in Sources */,
				F43333AC20F008B7004BB6F5 /* ParselyTracker.swift in Sources */,
				F43333BE20F008EF004BB6F5 /* Event.swift in Sources */,
				F43333B720F008EF004BB6F5 /* Video.swift in Sources */,
				AAEDC3272212161F00769350 /* HttpClient.swift in Sources */,
				F43333BA20F008EF004BB6F5 /* EventQueue.swift in Sources */,
				F43333BB20F008EF004BB6F5 /* EngagedTime.swift in Sources */,
				F43333B920F008EF004BB6F5 /* Sampler.swift in Sources */,
				2A1F0DF37B68B0886A0E6848 /* Storage.swift in Sources */,
				B2BC46FB2208D60A000B937A /* Track.swift in Sources */,
			);
			runOnlyForDeploymentPostprocessing = 0;
		};
		F433339220F0087E004BB6F5 /* Sources */ = {
			isa = PBXSourcesBuildPhase;
			buildActionMask = 2147483647;
			files = (
				B2FC40C0221CC43200C70806 /* MetadataTests.swift in Sources */,
				F410D63121061D7800DB3EBE /* PixelTests.swift in Sources */,
				F4BF866E2190DB4A00BD3867 /* VideoTests.swift in Sources */,
				AA73AAAF2242C1F10089BF1D /* ParselyTestCase.swift in Sources */,
				F441A55C20F3B8BF009B556E /* EventQueueTests.swift in Sources */,
				F441A55E20F53A56009B556E /* EventTests.swift in Sources */,
				B2C84B66220A03610018BC7B /* SamplerTests.swift in Sources */,
				F4BF86682190DAFC00BD3867 /* EngagedTimeTests.swift in Sources */,
				F433339E20F0087E004BB6F5 /* ParselyTrackerTests.swift in Sources */,
				2A1F02E3BE1F9F969BD9C6E1 /* Storage.swift in Sources */,
				F4BF866C2190DB3C00BD3867 /* SessionTests.swift in Sources */,
				2A1F02DDE91E502E3B49AFAB /* StorageTests.swift in Sources */,
				F4BF866A2190DB1C00BD3867 /* TrackTests.swift in Sources */,
				F4BF86702190DB5A00BD3867 /* VisitorTests.swift in Sources */,
				B205889F220CB72A00476E27 /* RequestBuilderTests.swift in Sources */,
			);
			runOnlyForDeploymentPostprocessing = 0;
		};
/* End PBXSourcesBuildPhase section */

/* Begin PBXTargetDependency section */
		F40D9A7220EFF7500030525E /* PBXTargetDependency */ = {
			isa = PBXTargetDependency;
			target = F40D9A5920EFF74F0030525E /* ParselyDemo */;
			targetProxy = F40D9A7120EFF7500030525E /* PBXContainerItemProxy */;
		};
		F433339920F0087E004BB6F5 /* PBXTargetDependency */ = {
			isa = PBXTargetDependency;
			target = F433338D20F0087E004BB6F5 /* ParselyTracker */;
			targetProxy = F433339820F0087E004BB6F5 /* PBXContainerItemProxy */;
		};
		F433339B20F0087E004BB6F5 /* PBXTargetDependency */ = {
			isa = PBXTargetDependency;
			target = F40D9A5920EFF74F0030525E /* ParselyDemo */;
			targetProxy = F433339A20F0087E004BB6F5 /* PBXContainerItemProxy */;
		};
		F43333A220F0087E004BB6F5 /* PBXTargetDependency */ = {
			isa = PBXTargetDependency;
			target = F433338D20F0087E004BB6F5 /* ParselyTracker */;
			targetProxy = F43333A120F0087E004BB6F5 /* PBXContainerItemProxy */;
		};
/* End PBXTargetDependency section */

/* Begin PBXVariantGroup section */
		F40D9A6320EFF74F0030525E /* Main.storyboard */ = {
			isa = PBXVariantGroup;
			children = (
				F40D9A6420EFF74F0030525E /* Base */,
			);
			name = Main.storyboard;
			sourceTree = "<group>";
		};
		F40D9A6820EFF74F0030525E /* LaunchScreen.storyboard */ = {
			isa = PBXVariantGroup;
			children = (
				F40D9A6920EFF74F0030525E /* Base */,
			);
			name = LaunchScreen.storyboard;
			sourceTree = "<group>";
		};
/* End PBXVariantGroup section */

/* Begin XCBuildConfiguration section */
		F40D9A7720EFF7500030525E /* Debug */ = {
			isa = XCBuildConfiguration;
			buildSettings = {
				ALWAYS_SEARCH_USER_PATHS = NO;
				CLANG_ANALYZER_NONNULL = YES;
				CLANG_ANALYZER_NUMBER_OBJECT_CONVERSION = YES_AGGRESSIVE;
				CLANG_CXX_LANGUAGE_STANDARD = "gnu++14";
				CLANG_CXX_LIBRARY = "libc++";
				CLANG_ENABLE_MODULES = YES;
				CLANG_ENABLE_OBJC_ARC = YES;
				CLANG_WARN_BLOCK_CAPTURE_AUTORELEASING = YES;
				CLANG_WARN_BOOL_CONVERSION = YES;
				CLANG_WARN_COMMA = YES;
				CLANG_WARN_CONSTANT_CONVERSION = YES;
				CLANG_WARN_DEPRECATED_OBJC_IMPLEMENTATIONS = YES;
				CLANG_WARN_DIRECT_OBJC_ISA_USAGE = YES_ERROR;
				CLANG_WARN_DOCUMENTATION_COMMENTS = YES;
				CLANG_WARN_EMPTY_BODY = YES;
				CLANG_WARN_ENUM_CONVERSION = YES;
				CLANG_WARN_INFINITE_RECURSION = YES;
				CLANG_WARN_INT_CONVERSION = YES;
				CLANG_WARN_NON_LITERAL_NULL_CONVERSION = YES;
				CLANG_WARN_OBJC_IMPLICIT_RETAIN_SELF = YES;
				CLANG_WARN_OBJC_LITERAL_CONVERSION = YES;
				CLANG_WARN_OBJC_ROOT_CLASS = YES_ERROR;
				CLANG_WARN_RANGE_LOOP_ANALYSIS = YES;
				CLANG_WARN_STRICT_PROTOTYPES = YES;
				CLANG_WARN_SUSPICIOUS_MOVE = YES;
				CLANG_WARN_UNGUARDED_AVAILABILITY = YES_AGGRESSIVE;
				CLANG_WARN_UNREACHABLE_CODE = YES;
				CLANG_WARN__DUPLICATE_METHOD_MATCH = YES;
				CODE_SIGN_IDENTITY = "iPhone Developer";
				COPY_PHASE_STRIP = NO;
				DEBUG_INFORMATION_FORMAT = dwarf;
				ENABLE_STRICT_OBJC_MSGSEND = YES;
				ENABLE_TESTABILITY = YES;
				GCC_C_LANGUAGE_STANDARD = gnu11;
				GCC_DYNAMIC_NO_PIC = NO;
				GCC_NO_COMMON_BLOCKS = YES;
				GCC_OPTIMIZATION_LEVEL = 0;
				GCC_PREPROCESSOR_DEFINITIONS = (
					"DEBUG=1",
					"$(inherited)",
				);
				GCC_WARN_64_TO_32_BIT_CONVERSION = YES;
				GCC_WARN_ABOUT_RETURN_TYPE = YES_ERROR;
				GCC_WARN_UNDECLARED_SELECTOR = YES;
				GCC_WARN_UNINITIALIZED_AUTOS = YES_AGGRESSIVE;
				GCC_WARN_UNUSED_FUNCTION = YES;
				GCC_WARN_UNUSED_VARIABLE = YES;
				IPHONEOS_DEPLOYMENT_TARGET = 11.0;
				MTL_ENABLE_DEBUG_INFO = YES;
				ONLY_ACTIVE_ARCH = YES;
				SDKROOT = iphoneos;
				SWIFT_ACTIVE_COMPILATION_CONDITIONS = DEBUG;
				SWIFT_OPTIMIZATION_LEVEL = "-Onone";
			};
			name = Debug;
		};
		F40D9A7820EFF7500030525E /* Release */ = {
			isa = XCBuildConfiguration;
			buildSettings = {
				ALWAYS_SEARCH_USER_PATHS = NO;
				CLANG_ANALYZER_NONNULL = YES;
				CLANG_ANALYZER_NUMBER_OBJECT_CONVERSION = YES_AGGRESSIVE;
				CLANG_CXX_LANGUAGE_STANDARD = "gnu++14";
				CLANG_CXX_LIBRARY = "libc++";
				CLANG_ENABLE_MODULES = YES;
				CLANG_ENABLE_OBJC_ARC = YES;
				CLANG_WARN_BLOCK_CAPTURE_AUTORELEASING = YES;
				CLANG_WARN_BOOL_CONVERSION = YES;
				CLANG_WARN_COMMA = YES;
				CLANG_WARN_CONSTANT_CONVERSION = YES;
				CLANG_WARN_DEPRECATED_OBJC_IMPLEMENTATIONS = YES;
				CLANG_WARN_DIRECT_OBJC_ISA_USAGE = YES_ERROR;
				CLANG_WARN_DOCUMENTATION_COMMENTS = YES;
				CLANG_WARN_EMPTY_BODY = YES;
				CLANG_WARN_ENUM_CONVERSION = YES;
				CLANG_WARN_INFINITE_RECURSION = YES;
				CLANG_WARN_INT_CONVERSION = YES;
				CLANG_WARN_NON_LITERAL_NULL_CONVERSION = YES;
				CLANG_WARN_OBJC_IMPLICIT_RETAIN_SELF = YES;
				CLANG_WARN_OBJC_LITERAL_CONVERSION = YES;
				CLANG_WARN_OBJC_ROOT_CLASS = YES_ERROR;
				CLANG_WARN_RANGE_LOOP_ANALYSIS = YES;
				CLANG_WARN_STRICT_PROTOTYPES = YES;
				CLANG_WARN_SUSPICIOUS_MOVE = YES;
				CLANG_WARN_UNGUARDED_AVAILABILITY = YES_AGGRESSIVE;
				CLANG_WARN_UNREACHABLE_CODE = YES;
				CLANG_WARN__DUPLICATE_METHOD_MATCH = YES;
				CODE_SIGN_IDENTITY = "iPhone Developer";
				COPY_PHASE_STRIP = NO;
				DEBUG_INFORMATION_FORMAT = "dwarf-with-dsym";
				ENABLE_NS_ASSERTIONS = NO;
				ENABLE_STRICT_OBJC_MSGSEND = YES;
				GCC_C_LANGUAGE_STANDARD = gnu11;
				GCC_NO_COMMON_BLOCKS = YES;
				GCC_WARN_64_TO_32_BIT_CONVERSION = YES;
				GCC_WARN_ABOUT_RETURN_TYPE = YES_ERROR;
				GCC_WARN_UNDECLARED_SELECTOR = YES;
				GCC_WARN_UNINITIALIZED_AUTOS = YES_AGGRESSIVE;
				GCC_WARN_UNUSED_FUNCTION = YES;
				GCC_WARN_UNUSED_VARIABLE = YES;
				IPHONEOS_DEPLOYMENT_TARGET = 11.0;
				MTL_ENABLE_DEBUG_INFO = NO;
				SDKROOT = iphoneos;
				SWIFT_OPTIMIZATION_LEVEL = "-Owholemodule";
				VALIDATE_PRODUCT = YES;
			};
			name = Release;
		};
		F40D9A7A20EFF7500030525E /* Debug */ = {
			isa = XCBuildConfiguration;
			baseConfigurationReference = 906991F0294DF786C982D060 /* Pods-ParselyDemo.debug.xcconfig */;
			buildSettings = {
				ALWAYS_EMBED_SWIFT_STANDARD_LIBRARIES = YES;
				ASSETCATALOG_COMPILER_APPICON_NAME = AppIcon;
				CODE_SIGN_STYLE = Automatic;
				DEVELOPMENT_TEAM = N3Z6SG5Z94;
				INFOPLIST_FILE = ParselyDemo/Info.plist;
				LD_RUNPATH_SEARCH_PATHS = "$(inherited) @executable_path/Frameworks";
				PRODUCT_BUNDLE_IDENTIFIER = com.parsely.ParselyDemo;
				PRODUCT_NAME = "$(TARGET_NAME)";
				SWIFT_VERSION = 4.2;
				TARGETED_DEVICE_FAMILY = "1,2";
			};
			name = Debug;
		};
		F40D9A7B20EFF7500030525E /* Release */ = {
			isa = XCBuildConfiguration;
			baseConfigurationReference = 8E611964813255DB16F1B8D3 /* Pods-ParselyDemo.release.xcconfig */;
			buildSettings = {
				ALWAYS_EMBED_SWIFT_STANDARD_LIBRARIES = YES;
				ASSETCATALOG_COMPILER_APPICON_NAME = AppIcon;
				CODE_SIGN_STYLE = Automatic;
				DEVELOPMENT_TEAM = N3Z6SG5Z94;
				INFOPLIST_FILE = ParselyDemo/Info.plist;
				LD_RUNPATH_SEARCH_PATHS = "$(inherited) @executable_path/Frameworks";
				PRODUCT_BUNDLE_IDENTIFIER = com.parsely.ParselyDemo;
				PRODUCT_NAME = "$(TARGET_NAME)";
				SWIFT_VERSION = 4.2;
				TARGETED_DEVICE_FAMILY = "1,2";
			};
			name = Release;
		};
		F40D9A7D20EFF7500030525E /* Debug */ = {
			isa = XCBuildConfiguration;
			baseConfigurationReference = 3ADAC2F93CE241A29B434DCE /* Pods-ParselyDemoTests.debug.xcconfig */;
			buildSettings = {
				ALWAYS_EMBED_SWIFT_STANDARD_LIBRARIES = YES;
				BUNDLE_LOADER = "$(TEST_HOST)";
				CODE_SIGN_STYLE = Automatic;
				DEVELOPMENT_TEAM = N3Z6SG5Z94;
				INFOPLIST_FILE = AnalyticsSDKTests/Info.plist;
				LD_RUNPATH_SEARCH_PATHS = "$(inherited) @executable_path/Frameworks @loader_path/Frameworks";
				PRODUCT_BUNDLE_IDENTIFIER = com.parsely.AnalyticsSDKTests;
				PRODUCT_NAME = "$(TARGET_NAME)";
				SWIFT_VERSION = 4.0;
				TARGETED_DEVICE_FAMILY = "1,2";
				TEST_HOST = "$(BUILT_PRODUCTS_DIR)/ParselyDemo.app/ParselyDemo";
			};
			name = Debug;
		};
		F40D9A7E20EFF7500030525E /* Release */ = {
			isa = XCBuildConfiguration;
			baseConfigurationReference = 60544B2E0BE096AC23166210 /* Pods-ParselyDemoTests.release.xcconfig */;
			buildSettings = {
				ALWAYS_EMBED_SWIFT_STANDARD_LIBRARIES = YES;
				BUNDLE_LOADER = "$(TEST_HOST)";
				CODE_SIGN_STYLE = Automatic;
				DEVELOPMENT_TEAM = N3Z6SG5Z94;
				INFOPLIST_FILE = AnalyticsSDKTests/Info.plist;
				LD_RUNPATH_SEARCH_PATHS = "$(inherited) @executable_path/Frameworks @loader_path/Frameworks";
				PRODUCT_BUNDLE_IDENTIFIER = com.parsely.AnalyticsSDKTests;
				PRODUCT_NAME = "$(TARGET_NAME)";
				SWIFT_VERSION = 4.0;
				TARGETED_DEVICE_FAMILY = "1,2";
				TEST_HOST = "$(BUILT_PRODUCTS_DIR)/ParselyDemo.app/ParselyDemo";
			};
			name = Release;
		};
		F43333A520F0087E004BB6F5 /* Debug */ = {
			isa = XCBuildConfiguration;
			baseConfigurationReference = AB009DED9C4184290AB524B3 /* Pods-ParselyTracker.debug.xcconfig */;
			buildSettings = {
				CODE_SIGN_IDENTITY = "";
				CODE_SIGN_STYLE = Automatic;
				CURRENT_PROJECT_VERSION = 1;
				DEFINES_MODULE = YES;
				DEVELOPMENT_TEAM = N3Z6SG5Z94;
				DYLIB_COMPATIBILITY_VERSION = 1;
				DYLIB_CURRENT_VERSION = 1;
				DYLIB_INSTALL_NAME_BASE = "@rpath";
				INFOPLIST_FILE = ParselyTracker/Info.plist;
				INSTALL_PATH = "$(LOCAL_LIBRARY_DIR)/Frameworks";
				LD_RUNPATH_SEARCH_PATHS = "$(inherited) @executable_path/Frameworks @loader_path/Frameworks";
				PRODUCT_BUNDLE_IDENTIFIER = com.parsely.ParselyTracker;
				PRODUCT_NAME = "$(TARGET_NAME:c99extidentifier)";
				SKIP_INSTALL = YES;
				SWIFT_VERSION = 4.2;
				TARGETED_DEVICE_FAMILY = "1,2";
				VERSIONING_SYSTEM = "apple-generic";
				VERSION_INFO_PREFIX = "";
			};
			name = Debug;
		};
		F43333A620F0087E004BB6F5 /* Release */ = {
			isa = XCBuildConfiguration;
			baseConfigurationReference = 6D623D570B7F71EFD9E46D24 /* Pods-ParselyTracker.release.xcconfig */;
			buildSettings = {
				CODE_SIGN_IDENTITY = "";
				CODE_SIGN_STYLE = Automatic;
				CURRENT_PROJECT_VERSION = 1;
				DEFINES_MODULE = YES;
				DEVELOPMENT_TEAM = N3Z6SG5Z94;
				DYLIB_COMPATIBILITY_VERSION = 1;
				DYLIB_CURRENT_VERSION = 1;
				DYLIB_INSTALL_NAME_BASE = "@rpath";
				INFOPLIST_FILE = ParselyTracker/Info.plist;
				INSTALL_PATH = "$(LOCAL_LIBRARY_DIR)/Frameworks";
				LD_RUNPATH_SEARCH_PATHS = "$(inherited) @executable_path/Frameworks @loader_path/Frameworks";
				PRODUCT_BUNDLE_IDENTIFIER = com.parsely.ParselyTracker;
				PRODUCT_NAME = "$(TARGET_NAME:c99extidentifier)";
				SKIP_INSTALL = YES;
				SWIFT_VERSION = 4.2;
				TARGETED_DEVICE_FAMILY = "1,2";
				VERSIONING_SYSTEM = "apple-generic";
				VERSION_INFO_PREFIX = "";
			};
			name = Release;
		};
		F43333A720F0087E004BB6F5 /* Debug */ = {
			isa = XCBuildConfiguration;
			baseConfigurationReference = A07DD8B365F9DFAC828E58C2 /* Pods-ParselyTrackerTests.debug.xcconfig */;
			buildSettings = {
				ALWAYS_EMBED_SWIFT_STANDARD_LIBRARIES = YES;
				CODE_SIGN_STYLE = Automatic;
				DEVELOPMENT_TEAM = N3Z6SG5Z94;
				INFOPLIST_FILE = ParselyTrackerTests/Info.plist;
				LD_RUNPATH_SEARCH_PATHS = "$(inherited) @executable_path/Frameworks @loader_path/Frameworks";
				PRODUCT_BUNDLE_IDENTIFIER = com.parsely.ParselyTrackerTests;
				PRODUCT_NAME = "$(TARGET_NAME)";
				SWIFT_VERSION = 4.2;
				TARGETED_DEVICE_FAMILY = "1,2";
				TEST_HOST = "$(BUILT_PRODUCTS_DIR)/ParselyDemo.app/ParselyDemo";
			};
			name = Debug;
		};
		F43333A820F0087E004BB6F5 /* Release */ = {
			isa = XCBuildConfiguration;
			baseConfigurationReference = F641C3C76F714CE598D03837 /* Pods-ParselyTrackerTests.release.xcconfig */;
			buildSettings = {
				ALWAYS_EMBED_SWIFT_STANDARD_LIBRARIES = YES;
				CODE_SIGN_STYLE = Automatic;
				DEVELOPMENT_TEAM = N3Z6SG5Z94;
				INFOPLIST_FILE = ParselyTrackerTests/Info.plist;
				LD_RUNPATH_SEARCH_PATHS = "$(inherited) @executable_path/Frameworks @loader_path/Frameworks";
				PRODUCT_BUNDLE_IDENTIFIER = com.parsely.ParselyTrackerTests;
				PRODUCT_NAME = "$(TARGET_NAME)";
				SWIFT_VERSION = 4.2;
				TARGETED_DEVICE_FAMILY = "1,2";
				TEST_HOST = "$(BUILT_PRODUCTS_DIR)/ParselyDemo.app/ParselyDemo";
			};
			name = Release;
		};
/* End XCBuildConfiguration section */

/* Begin XCConfigurationList section */
		F40D9A5520EFF74F0030525E /* Build configuration list for PBXProject "ParselyDemo" */ = {
			isa = XCConfigurationList;
			buildConfigurations = (
				F40D9A7720EFF7500030525E /* Debug */,
				F40D9A7820EFF7500030525E /* Release */,
			);
			defaultConfigurationIsVisible = 0;
			defaultConfigurationName = Release;
		};
		F40D9A7920EFF7500030525E /* Build configuration list for PBXNativeTarget "ParselyDemo" */ = {
			isa = XCConfigurationList;
			buildConfigurations = (
				F40D9A7A20EFF7500030525E /* Debug */,
				F40D9A7B20EFF7500030525E /* Release */,
			);
			defaultConfigurationIsVisible = 0;
			defaultConfigurationName = Release;
		};
		F40D9A7C20EFF7500030525E /* Build configuration list for PBXNativeTarget "ParselyDemoTests" */ = {
			isa = XCConfigurationList;
			buildConfigurations = (
				F40D9A7D20EFF7500030525E /* Debug */,
				F40D9A7E20EFF7500030525E /* Release */,
			);
			defaultConfigurationIsVisible = 0;
			defaultConfigurationName = Release;
		};
		F43333A920F0087E004BB6F5 /* Build configuration list for PBXNativeTarget "ParselyTracker" */ = {
			isa = XCConfigurationList;
			buildConfigurations = (
				F43333A520F0087E004BB6F5 /* Debug */,
				F43333A620F0087E004BB6F5 /* Release */,
			);
			defaultConfigurationIsVisible = 0;
			defaultConfigurationName = Release;
		};
		F43333AB20F0087E004BB6F5 /* Build configuration list for PBXNativeTarget "ParselyTrackerTests" */ = {
			isa = XCConfigurationList;
			buildConfigurations = (
				F43333A720F0087E004BB6F5 /* Debug */,
				F43333A820F0087E004BB6F5 /* Release */,
			);
			defaultConfigurationIsVisible = 0;
			defaultConfigurationName = Release;
		};
/* End XCConfigurationList section */
	};
	rootObject = F40D9A5220EFF74F0030525E /* Project object */;
}
